
Microsoft Visual Studio Solution File, Format Version 12.00
Project("{FAE04EC0-301F-11D3-BF4B-00C04F79EFBC}") = "appworkshop", "appworkshop\appworkshop.csproj", "{986D3F22-C69A-4979-B7A8-B1F019E77824}"
EndProject
Global
	GlobalSection(SolutionConfigurationPlatforms) = preSolution
		Debug|Any CPU = Debug|Any CPU
		Release|Any CPU = Release|Any CPU
	EndGlobalSection
	GlobalSection(ProjectConfigurationPlatforms) = postSolution
		{986D3F22-C69A-4979-B7A8-B1F019E77824}.Debug|Any CPU.ActiveCfg = Debug|Any CPU
		{986D3F22-C69A-4979-B7A8-B1F019E77824}.Debug|Any CPU.Build.0 = Debug|Any CPU
		{986D3F22-C69A-4979-B7A8-B1F019E77824}.Release|Any CPU.ActiveCfg = Release|Any CPU
		{986D3F22-C69A-4979-B7A8-B1F019E77824}.Release|Any CPU.Build.0 = Release|Any CPU
	EndGlobalSection
EndGlobal
